{
  "schemaVersion": "buildopt.dev/toolchains-lock/v1",
  "platforms": [
    {
      "id": "linux-amd64",
      "operatingSystem": "linux",
      "architecture": "amd64"
    }
  ],
  "artifacts": [
    {
      "id": "temurin-jdk-17",
      "version": "17.0.19+10",
      "adoption": "required",
      "kind": "tar.gz",
      "platform": "linux-amd64",
      "provider": "eclipse-adoptium",
      "url": "https://github.com/adoptium/temurin17-binaries/releases/download/jdk-17.0.19%2B10/OpenJDK17U-jdk_x64_linux_hotspot_17.0.19_10.tar.gz",
      "sha256": "d8afc263758141a66e0e3aafc321e783f7016696f4eaea067d340a269037d331",
      "requiredBy": [
        "POC-VALUE-001"
      ]
    },
    {
      "id": "temurin-jdk-21",
      "version": "21.0.12+8",
      "adoption": "required",
      "kind": "tar.gz",
      "platform": "linux-amd64",
      "provider": "eclipse-adoptium",
      "url": "https://github.com/adoptium/temurin21-binaries/releases/download/jdk-21.0.12%2B8/OpenJDK21U-jdk_x64_linux_hotspot_21.0.12_8.tar.gz",
      "sha256": "e4446ff06a276155697597cc0f1b15da004ff083f4964a35271ecee567177370",
      "requiredBy": [
        "ENV-003",
        "ENV-004"
      ]
    },
    {
      "id": "temurin-jdk-25",
      "version": "25.0.3+9",
      "adoption": "required",
      "kind": "tar.gz",
      "platform": "linux-amd64",
      "provider": "eclipse-adoptium",
      "url": "https://github.com/adoptium/temurin25-binaries/releases/download/jdk-25.0.3%2B9/OpenJDK25U-jdk_x64_linux_hotspot_25.0.3_9.tar.gz",
      "sha256": "69264a7a211bf5029830d07bc3370f879769d62ebc5b5488e90c9343a2da0e1f",
      "requiredBy": [
        "ENV-003",
        "F0-036"
      ]
    },
    {
      "id": "go",
      "version": "1.26.5",
      "adoption": "required",
      "kind": "tar.gz",
      "platform": "linux-amd64",
      "provider": "go-project",
      "url": "https://go.dev/dl/go1.26.5.linux-amd64.tar.gz",
      "sha256": "5c2c3b16caefa1d968a94c1daca04a7ca301a496d9b086e17ad77bb81393f053",
      "requiredBy": [
        "ENV-005",
        "WS-001"
      ]
    },
    {
      "id": "rust-channel-manifest",
      "version": "1.93.0",
      "adoption": "optional",
      "kind": "provider-manifest",
      "platform": "linux-amd64",
      "provider": "rust-project",
      "url": "https://static.rust-lang.org/dist/channel-rust-1.93.0.toml",
      "sha256": "beb6ba4e41c84e9c11c80e6804a007497d0c8ba0810cd403fabc8f4a9c45b1f8",
      "requiredBy": [
        "ENV-009",
        "SPK-003"
      ]
    },
    {
      "id": "protoc",
      "version": "35.1",
      "adoption": "required",
      "kind": "zip",
      "platform": "linux-amd64",
      "provider": "protocol-buffers",
      "url": "https://github.com/protocolbuffers/protobuf/releases/download/v35.1/protoc-35.1-linux-x86_64.zip",
      "sha256": "6930ebf62bd4ea607b98fff052596c6ee564b9835b4ce172c75a3f53ae9d91b7",
      "requiredBy": [
        "ENV-006",
        "F0-019"
      ]
    },
    {
      "id": "buf",
      "version": "1.72.0",
      "adoption": "required",
      "kind": "binary",
      "platform": "linux-amd64",
      "provider": "buf",
      "url": "https://github.com/bufbuild/buf/releases/download/v1.72.0/buf-Linux-x86_64",
      "sha256": "8720830e26a733da55bb89bcd3cb44849c0965fc0c44fb5d691cccdc64dca5af",
      "requiredBy": [
        "ENV-006",
        "F0-019"
      ]
    },
    {
      "id": "shellcheck",
      "version": "0.11.0",
      "adoption": "required",
      "kind": "tar.xz",
      "platform": "linux-amd64",
      "provider": "shellcheck",
      "url": "https://github.com/koalaman/shellcheck/releases/download/v0.11.0/shellcheck-v0.11.0.linux.x86_64.tar.xz",
      "sha256": "8c3be12b05d5c177a04c29e3c78ce89ac86f1595681cab149b65b97c4e227198",
      "requiredBy": [
        "ENV-010",
        "F0-004"
      ]
    },
    {
      "id": "actionlint",
      "version": "1.7.12",
      "adoption": "required",
      "kind": "tar.gz",
      "platform": "linux-amd64",
      "provider": "actionlint",
      "url": "https://github.com/rhysd/actionlint/releases/download/v1.7.12/actionlint_1.7.12_linux_amd64.tar.gz",
      "sha256": "8aca8db96f1b94770f1b0d72b6dddcb1ebb8123cb3712530b08cc387b349a3d8",
      "requiredBy": [
        "ENV-010",
        "F0-004"
      ]
    },
    {
      "id": "cosign",
      "version": "3.1.2",
      "adoption": "required",
      "kind": "binary",
      "platform": "linux-amd64",
      "provider": "sigstore",
      "url": "https://github.com/sigstore/cosign/releases/download/v3.1.2/cosign-linux-amd64",
      "sha256": "f7622ed3cf22e55e1ae6377c080979ff77a22da9981c11df222a2e444991e7cf",
      "requiredBy": [
        "ENV-011",
        "F0-038"
      ]
    },
    {
      "id": "syft",
      "version": "1.50.0",
      "adoption": "required",
      "kind": "tar.gz",
      "platform": "linux-amd64",
      "provider": "anchore",
      "url": "https://github.com/anchore/syft/releases/download/v1.50.0/syft_1.50.0_linux_amd64.tar.gz",
      "sha256": "bf7b29ff57f06da30918266a0e1c2885a8f99784798d1bdb1628886aa015d788",
      "requiredBy": [
        "ENV-011",
        "F0-038"
      ]
    }
  ]
}
